lockfileVersion: 5.3

specifiers:
  body-parser: ^1.19.1
  cloudlogjs: ^1.0.9
  cors: ^2.8.5
  express: ^4.17.1
  mongodb: ^4.2.1
  multer: ^1.4.4
  open: ^8.4.0
  vercel: ^23.1.2

dependencies:
  body-parser: 1.19.1
  cloudlogjs: 1.0.9
  cors: 2.8.5
  express: 4.17.2
  mongodb: 4.3.1
  multer: 1.4.4
  open: 8.4.0
  vercel: 23.1.2

packages:

  /@sindresorhus/is/0.14.0:
    resolution: {integrity: sha1-n7OjzzEyMoFR81PeRjLgHlIQK+o=, tarball: '@sindresorhus/is/download/@sindresorhus/is-0.14.0.tgz'}
    engines: {node: '>=6'}
    dev: false

  /@szmarczak/http-timer/1.1.2:
    resolution: {integrity: sha1-sWZeLEYaLNkvTBu/UNVFTeDUtCE=, tarball: '@szmarczak/http-timer/download/@szmarczak/http-timer-1.1.2.tgz'}
    engines: {node: '>=6'}
    dependencies:
      defer-to-connect: 1.1.3
    dev: false

  /@types/node/17.0.10:
    resolution: {integrity: sha512-S/3xB4KzyFxYGCppyDt68yzBU9ysL88lSdIah4D6cptdcltc4NCPCAMc0+PCpg/lLIyC7IPvj2Z52OJWeIUkog==, tarball: '@types/node/download/@types/node-17.0.10.tgz'}
    dev: false

  /@types/webidl-conversions/6.1.1:
    resolution: {integrity: sha1-4zvI6oEqAfY/kEgcZmM0hEsSoJ4=, tarball: '@types/webidl-conversions/download/@types/webidl-conversions-6.1.1.tgz'}
    dev: false

  /@types/whatwg-url/8.2.1:
    resolution: {integrity: sha1-8arCItq3xZ4BFmOgywoxF7LvBdQ=, tarball: '@types/whatwg-url/download/@types/whatwg-url-8.2.1.tgz'}
    dependencies:
      '@types/node': 17.0.10
      '@types/webidl-conversions': 6.1.1
    dev: false

  /@vercel/build-utils/2.12.2:
    resolution: {integrity: sha1-KFo7sLeIZPtvREeCV70nXFeqhlE=, tarball: '@vercel/build-utils/download/@vercel/build-utils-2.12.2.tgz'}
    dev: false

  /@vercel/go/1.2.3:
    resolution: {integrity: sha1-byvbpWgfnWTuFwYMXWNYni1F4tg=, tarball: '@vercel/go/download/@vercel/go-1.2.3.tgz'}
    dev: false

  /@vercel/node/1.12.1:
    resolution: {integrity: sha1-FfQvZGkPkE+KUqOHEjzglYZXBg8=, tarball: '@vercel/node/download/@vercel/node-1.12.1.tgz'}
    dependencies:
      '@types/node': 17.0.10
      ts-node: 8.9.1_typescript@4.3.4
      typescript: 4.3.4
    dev: false

  /@vercel/python/2.0.5:
    resolution: {integrity: sha1-dsCSgP6/rIY8OWUe3/r7sIOKHfg=, tarball: '@vercel/python/download/@vercel/python-2.0.5.tgz'}
    dev: false

  /@vercel/ruby/1.2.7:
    resolution: {integrity: sha1-UW0cRfSWFhkzjz07tRjuQ7hjpdo=, tarball: '@vercel/ruby/download/@vercel/ruby-1.2.7.tgz'}
    dev: false

  /accepts/1.3.7:
    resolution: {integrity: sha1-UxvHJlF6OytB+FACHGzBXqq1B80=, tarball: accepts/download/accepts-1.3.7.tgz?cache=0&sync_timestamp=1632822722930&other_urls=https%3A%2F%2Fregistry.npmmirror.com%2Faccepts%2Fdownload%2Faccepts-1.3.7.tgz}
    engines: {node: '>= 0.6'}
    dependencies:
      mime-types: 2.1.34
      negotiator: 0.6.2
    dev: false

  /ansi-align/3.0.1:
    resolution: {integrity: sha1-DN8S4RGs53OobpofrRIlxDyxmlk=, tarball: ansi-align/download/ansi-align-3.0.1.tgz}
    dependencies:
      string-width: 4.2.3
    dev: false

  /ansi-regex/5.0.1:
    resolution: {integrity: sha1-CCyyyJyf6GWaMRpTvWpNxTAdswQ=, tarball: ansi-regex/download/ansi-regex-5.0.1.tgz}
    engines: {node: '>=8'}
    dev: false

  /ansi-styles/4.3.0:
    resolution: {integrity: sha512-zbB9rCJAT1rbjiVDb2hqKFHNYLxgtk8NURxZ3IZwD3F6NtxbXZQCnnSi1Lkx+IDohdPlFp222wVALIheZJQSEg==, tarball: ansi-styles/download/ansi-styles-4.3.0.tgz}
    engines: {node: '>=8'}
    dependencies:
      color-convert: 2.0.1
    dev: false

  /append-field/1.0.0:
    resolution: {integrity: sha1-HjRA6RXwsSA9I3SOeO3XubW0PlY=, tarball: append-field/download/append-field-1.0.0.tgz}
    dev: false

  /arg/4.1.3:
    resolution: {integrity: sha512-58S9QDqG0Xx27YwPSt9fJxivjYl432YCwfDMfZ+71RAqUrZef7LrKQZ3LHLOwCS4FLNBplP533Zx895SeOCHvA==, tarball: arg/download/arg-4.1.3.tgz}
    dev: false

  /array-flatten/1.1.1:
    resolution: {integrity: sha1-ml9pkFGx5wczKPKgCJaLZOopVdI=, tarball: array-flatten/download/array-flatten-1.1.1.tgz}
    dev: false

  /axios/0.24.0:
    resolution: {integrity: sha512-Q6cWsys88HoPgAaFAVUb0WpPk0O8iTeisR9IMqy9G8AbO4NlpVknrnQS03zzF9PGAWgO3cgletO3VjV/P7VztA==, tarball: axios/download/axios-0.24.0.tgz}
    dependencies:
      follow-redirects: 1.14.7
    transitivePeerDependencies:
      - debug
    dev: false

  /base64-js/1.5.1:
    resolution: {integrity: sha1-GxtEAWClv3rUC2UPCVljSBkDkwo=, tarball: base64-js/download/base64-js-1.5.1.tgz}
    dev: false

  /body-parser/1.19.1:
    resolution: {integrity: sha512-8ljfQi5eBk8EJfECMrgqNGWPEY5jWP+1IzkzkGdFFEwFQZZyaZ21UqdaHktgiMlH0xLHqIFtE/u2OYE5dOtViA==, tarball: body-parser/download/body-parser-1.19.1.tgz}
    engines: {node: '>= 0.8'}
    dependencies:
      bytes: 3.1.1
      content-type: 1.0.4
      debug: 2.6.9
      depd: 1.1.2
      http-errors: 1.8.1
      iconv-lite: 0.4.24
      on-finished: 2.3.0
      qs: 6.9.6
      raw-body: 2.4.2
      type-is: 1.6.18
    dev: false

  /boxen/4.2.0:
    resolution: {integrity: sha1-5BG2I1fW1tNlh8isPV2XTaoHDmQ=, tarball: boxen/download/boxen-4.2.0.tgz?cache=0&sync_timestamp=1634185641329&other_urls=https%3A%2F%2Fregistry.npmmirror.com%2Fboxen%2Fdownload%2Fboxen-4.2.0.tgz}
    engines: {node: '>=8'}
    dependencies:
      ansi-align: 3.0.1
      camelcase: 5.3.1
      chalk: 3.0.0
      cli-boxes: 2.2.1
      string-width: 4.2.3
      term-size: 2.2.1
      type-fest: 0.8.1
      widest-line: 3.1.0
    dev: false

  /bson/4.6.1:
    resolution: {integrity: sha512-I1LQ7Hz5zgwR4QquilLNZwbhPw0Apx7i7X9kGMBTsqPdml/03Q9NBtD9nt/19ahjlphktQImrnderxqpzeVDjw==, tarball: bson/download/bson-4.6.1.tgz}
    engines: {node: '>=6.9.0'}
    dependencies:
      buffer: 5.7.1
    dev: false

  /buffer-from/1.1.2:
    resolution: {integrity: sha1-KxRqb9cugLT1XSVfNe1Zo6mkG9U=, tarball: buffer-from/download/buffer-from-1.1.2.tgz}
    dev: false

  /buffer/5.7.1:
    resolution: {integrity: sha512-EHcyIPBQ4BSGlvjB16k5KgAJ27CIsHY/2JBmCRReo48y9rQ3MaUzWX3KVlBa4U7MyX02HdVj0K7C3WaB3ju7FQ==, tarball: buffer/download/buffer-5.7.1.tgz}
    dependencies:
      base64-js: 1.5.1
      ieee754: 1.2.1
    dev: false

  /busboy/0.2.14:
    resolution: {integrity: sha512-InWFDomvlkEj+xWLBfU3AvnbVYqeTWmQopiW0tWWEy5yehYm2YkGEc59sUmw/4ty5Zj/b0WHGs1LgecuBSBGrg==, tarball: busboy/download/busboy-0.2.14.tgz}
    engines: {node: '>=0.8.0'}
    dependencies:
      dicer: 0.2.5
      readable-stream: 1.1.14
    dev: false

  /bytes/3.1.1:
    resolution: {integrity: sha512-dWe4nWO/ruEOY7HkUJ5gFt1DCFV9zPRoJr8pV0/ASQermOZjtq8jMjOprC0Kd10GLN+l7xaUPvxzJFWtxGu8Fg==, tarball: bytes/download/bytes-3.1.1.tgz}
    engines: {node: '>= 0.8'}
    dev: false

  /cacheable-request/6.1.0:
    resolution: {integrity: sha1-IP+4vRYrpL4R6VZ9gj22UQUsqRI=, tarball: cacheable-request/download/cacheable-request-6.1.0.tgz}
    engines: {node: '>=8'}
    dependencies:
      clone-response: 1.0.2
      get-stream: 5.2.0
      http-cache-semantics: 4.1.0
      keyv: 3.1.0
      lowercase-keys: 2.0.0
      normalize-url: 4.5.1
      responselike: 1.0.2
    dev: false

  /camelcase/5.3.1:
    resolution: {integrity: sha512-L28STB170nwWS63UjtlEOE3dldQApaJXZkOI1uMFfzf3rRuPegHaHesyee+YxQ+W6SvRDQV6UrdOdRiR153wJg==, tarball: camelcase/download/camelcase-5.3.1.tgz}
    engines: {node: '>=6'}
    dev: false

  /chalk/3.0.0:
    resolution: {integrity: sha512-4D3B6Wf41KOYRFdszmDqMCGq5VV/uMAB273JILmO+3jAlh8X4qDtdtgCR3fxtbLEMzSx22QdhnDcJvu2u1fVwg==, tarball: chalk/download/chalk-3.0.0.tgz}
    engines: {node: '>=8'}
    dependencies:
      ansi-styles: 4.3.0
      supports-color: 7.2.0
    dev: false

  /ci-info/2.0.0:
    resolution: {integrity: sha1-Z6npZL4xpR4V5QENWObxKDQAL0Y=, tarball: ci-info/download/ci-info-2.0.0.tgz}
    dev: false

  /cli-boxes/2.2.1:
    resolution: {integrity: sha1-3dUDXSUJT84iDpyrQKRYQKRAMY8=, tarball: cli-boxes/download/cli-boxes-2.2.1.tgz}
    engines: {node: '>=6'}
    dev: false

  /clone-response/1.0.2:
    resolution: {integrity: sha1-0dyXOSAxTfZ/vrlCI7TuNQI56Ws=, tarball: clone-response/download/clone-response-1.0.2.tgz}
    dependencies:
      mimic-response: 1.0.1
    dev: false

  /cloudlogjs/1.0.9:
    resolution: {integrity: sha512-aUc51uTNoLQlLWXwsT7++/7Gc/ZHr5BwlzDbgqi+JdwdtNel4rxrOM/gATd4xmYWHzs2nIr3C7QRNyCBy65hQg==, tarball: cloudlogjs/download/cloudlogjs-1.0.9.tgz}
    dependencies:
      axios: 0.24.0
    transitivePeerDependencies:
      - debug
    dev: false

  /color-convert/2.0.1:
    resolution: {integrity: sha1-ctOmjVmMm9s68q0ehPIdiWq9TeM=, tarball: color-convert/download/color-convert-2.0.1.tgz}
    engines: {node: '>=7.0.0'}
    dependencies:
      color-name: 1.1.4
    dev: false

  /color-name/1.1.4:
    resolution: {integrity: sha1-wqCah6y95pVD3m9j+jmVyCbFNqI=, tarball: color-name/download/color-name-1.1.4.tgz}
    dev: false

  /concat-stream/1.6.2:
    resolution: {integrity: sha1-kEvfGUzTEi/Gdcd/xKw9T/D9GjQ=, tarball: concat-stream/download/concat-stream-1.6.2.tgz}
    engines: {'0': node >= 0.8}
    dependencies:
      buffer-from: 1.1.2
      inherits: 2.0.4
      readable-stream: 2.3.7
      typedarray: 0.0.6
    dev: false

  /configstore/5.0.1:
    resolution: {integrity: sha1-02UCG130uYzdGH1qOw4/anzF7ZY=, tarball: configstore/download/configstore-5.0.1.tgz}
    engines: {node: '>=8'}
    dependencies:
      dot-prop: 5.3.0
      graceful-fs: 4.2.9
      make-dir: 3.1.0
      unique-string: 2.0.0
      write-file-atomic: 3.0.3
      xdg-basedir: 4.0.0
    dev: false

  /content-disposition/0.5.4:
    resolution: {integrity: sha512-FveZTNuGw04cxlAiWbzi6zTAL/lhehaWbTtgluJh4/E95DqMwTmha3KZN1aAWA8cFIhHzMZUvLevkw5Rqk+tSQ==, tarball: content-disposition/download/content-disposition-0.5.4.tgz}
    engines: {node: '>= 0.6'}
    dependencies:
      safe-buffer: 5.2.1
    dev: false

  /content-type/1.0.4:
    resolution: {integrity: sha1-4TjMdeBAxyexlm/l5fjJruJW/js=, tarball: content-type/download/content-type-1.0.4.tgz?cache=0&sync_timestamp=1632822723139&other_urls=https%3A%2F%2Fregistry.npmmirror.com%2Fcontent-type%2Fdownload%2Fcontent-type-1.0.4.tgz}
    engines: {node: '>= 0.6'}
    dev: false

  /cookie-signature/1.0.6:
    resolution: {integrity: sha1-4wOogrNCzD7oylE6eZmXNNqzriw=, tarball: cookie-signature/download/cookie-signature-1.0.6.tgz}
    dev: false

  /cookie/0.4.1:
    resolution: {integrity: sha512-ZwrFkGJxUR3EIoXtO+yVE69Eb7KlixbaeAWfBQB9vVsNn/o+Yw69gBWSSDK825hQNdN+wF8zELf3dFNl/kxkUA==, tarball: cookie/download/cookie-0.4.1.tgz}
    engines: {node: '>= 0.6'}
    dev: false

  /core-util-is/1.0.3:
    resolution: {integrity: sha1-pgQtNjTCsn6TKPg3uWX6yDgI24U=, tarball: core-util-is/download/core-util-is-1.0.3.tgz}
    dev: false

  /cors/2.8.5:
    resolution: {integrity: sha512-KIHbLJqu73RGr/hnbrO9uBeixNGuvSQjul/jdFvS/KFSIH1hWVd1ng7zOHx+YrEfInLG7q4n6GHQ9cDtxv/P6g==, tarball: cors/download/cors-2.8.5.tgz}
    engines: {node: '>= 0.10'}
    dependencies:
      object-assign: 4.1.1
      vary: 1.1.2
    dev: false

  /crypto-random-string/2.0.0:
    resolution: {integrity: sha1-7yp6lm7BEIM4g2m6oC6+rSKbMNU=, tarball: crypto-random-string/download/crypto-random-string-2.0.0.tgz}
    engines: {node: '>=8'}
    dev: false

  /debug/2.6.9:
    resolution: {integrity: sha512-bC7ElrdJaJnPbAP+1EotYvqZsb3ecl5wi6Bfi6BJTUcNowp6cvspg0jXznRTKDjm/E7AdgFBVeAPVMNcKGsHMA==, tarball: debug/download/debug-2.6.9.tgz}
    dependencies:
      ms: 2.0.0
    dev: false

  /decompress-response/3.3.0:
    resolution: {integrity: sha1-gKTdMjdIOEv6JICDYirt7Jgq3/M=, tarball: decompress-response/download/decompress-response-3.3.0.tgz}
    engines: {node: '>=4'}
    dependencies:
      mimic-response: 1.0.1
    dev: false

  /deep-extend/0.6.0:
    resolution: {integrity: sha1-xPp8lUBKF6nD6Mp+FTcxK3NjMKw=, tarball: deep-extend/download/deep-extend-0.6.0.tgz}
    engines: {node: '>=4.0.0'}
    dev: false

  /defer-to-connect/1.1.3:
    resolution: {integrity: sha1-MxrgUMCNz3ifjIOnuB8O2U9KxZE=, tarball: defer-to-connect/download/defer-to-connect-1.1.3.tgz}
    dev: false

  /define-lazy-prop/2.0.0:
    resolution: {integrity: sha512-Ds09qNh8yw3khSjiJjiUInaGX9xlqZDY7JVryGxdxV7NPeuqQfplOpQ66yJFZut3jLa5zOwkXw1g9EI2uKh4Og==}
    engines: {node: '>=8'}
    dev: false

  /denque/2.0.1:
    resolution: {integrity: sha1-vO9MG4DcMu/pdRV0TyGkIpq4k0o=, tarball: denque/download/denque-2.0.1.tgz}
    engines: {node: '>=0.10'}
    dev: false

  /depd/1.1.2:
    resolution: {integrity: sha1-m81S4UwJd2PnSbJ0xDRu0uVgtak=, tarball: depd/download/depd-1.1.2.tgz}
    engines: {node: '>= 0.6'}
    dev: false

  /destroy/1.0.4:
    resolution: {integrity: sha1-l4hXRCxEdJ5CBmE+N5RiBYJqvYA=, tarball: destroy/download/destroy-1.0.4.tgz}
    dev: false

  /dicer/0.2.5:
    resolution: {integrity: sha1-WZbAhrszIYyBLAkL3cCc0S+stw8=, tarball: dicer/download/dicer-0.2.5.tgz}
    engines: {node: '>=0.8.0'}
    dependencies:
      readable-stream: 1.1.14
      streamsearch: 0.1.2
    dev: false

  /diff/4.0.2:
    resolution: {integrity: sha1-YPOuy4nV+uUgwRqhnvwruYKq3n0=, tarball: diff/download/diff-4.0.2.tgz}
    engines: {node: '>=0.3.1'}
    dev: false

  /dot-prop/5.3.0:
    resolution: {integrity: sha1-kMzOcIzZzYLMTcjD3dmr3VWyDog=, tarball: dot-prop/download/dot-prop-5.3.0.tgz}
    engines: {node: '>=8'}
    dependencies:
      is-obj: 2.0.0
    dev: false

  /duplexer3/0.1.4:
    resolution: {integrity: sha1-7gHdHKwO08vH/b6jfcCo8c4ALOI=, tarball: duplexer3/download/duplexer3-0.1.4.tgz}
    dev: false

  /ee-first/1.1.1:
    resolution: {integrity: sha1-WQxhFWsK4vTwJVcyoViyZrxWsh0=, tarball: ee-first/download/ee-first-1.1.1.tgz}
    dev: false

  /emoji-regex/8.0.0:
    resolution: {integrity: sha1-6Bj9ac5cz8tARZT4QpY79TFkzDc=, tarball: emoji-regex/download/emoji-regex-8.0.0.tgz}
    dev: false

  /encodeurl/1.0.2:
    resolution: {integrity: sha512-TPJXq8JqFaVYm2CWmPvnP2Iyo4ZSM7/QKcSmuMLDObfpH5fi7RUGmd/rTDf+rut/saiDiQEeVTNgAmJEdAOx0w==, tarball: encodeurl/download/encodeurl-1.0.2.tgz}
    engines: {node: '>= 0.8'}
    dev: false

  /end-of-stream/1.4.4:
    resolution: {integrity: sha1-WuZKX0UFe682JuwU2gyl5LJDHrA=, tarball: end-of-stream/download/end-of-stream-1.4.4.tgz}
    dependencies:
      once: 1.4.0
    dev: false

  /escape-goat/2.1.1:
    resolution: {integrity: sha1-Gy3HcANnbEV+x2Cy3GjttkgYhnU=, tarball: escape-goat/download/escape-goat-2.1.1.tgz}
    engines: {node: '>=8'}
    dev: false

  /escape-html/1.0.3:
    resolution: {integrity: sha1-Aljq5NPQwJdN4cFpGI7wBR0dGYg=, tarball: escape-html/download/escape-html-1.0.3.tgz}
    dev: false

  /etag/1.8.1:
    resolution: {integrity: sha1-Qa4u62XvpiJorr/qg6x9eSmbCIc=, tarball: etag/download/etag-1.8.1.tgz}
    engines: {node: '>= 0.6'}
    dev: false

  /express/4.17.2:
    resolution: {integrity: sha512-oxlxJxcQlYwqPWKVJJtvQiwHgosH/LrLSPA+H4UxpyvSS6jC5aH+5MoHFM+KABgTOt0APue4w66Ha8jCUo9QGg==, tarball: express/download/express-4.17.2.tgz}
    engines: {node: '>= 0.10.0'}
    dependencies:
      accepts: 1.3.7
      array-flatten: 1.1.1
      body-parser: 1.19.1
      content-disposition: 0.5.4
      content-type: 1.0.4
      cookie: 0.4.1
      cookie-signature: 1.0.6
      debug: 2.6.9
      depd: 1.1.2
      encodeurl: 1.0.2
      escape-html: 1.0.3
      etag: 1.8.1
      finalhandler: 1.1.2
      fresh: 0.5.2
      merge-descriptors: 1.0.1
      methods: 1.1.2
      on-finished: 2.3.0
      parseurl: 1.3.3
      path-to-regexp: 0.1.7
      proxy-addr: 2.0.7
      qs: 6.9.6
      range-parser: 1.2.1
      safe-buffer: 5.2.1
      send: 0.17.2
      serve-static: 1.14.2
      setprototypeof: 1.2.0
      statuses: 1.5.0
      type-is: 1.6.18
      utils-merge: 1.0.1
      vary: 1.1.2
    dev: false

  /finalhandler/1.1.2:
    resolution: {integrity: sha1-t+fQAP/RGTjQ/bBTUG9uur6fWH0=, tarball: finalhandler/download/finalhandler-1.1.2.tgz}
    engines: {node: '>= 0.8'}
    dependencies:
      debug: 2.6.9
      encodeurl: 1.0.2
      escape-html: 1.0.3
      on-finished: 2.3.0
      parseurl: 1.3.3
      statuses: 1.5.0
      unpipe: 1.0.0
    dev: false

  /follow-redirects/1.14.7:
    resolution: {integrity: sha512-+hbxoLbFMbRKDwohX8GkTataGqO6Jb7jGwpAlwgy2bIz25XtRm7KEzJM76R1WiNT5SwZkX4Y75SwBolkpmE7iQ==, tarball: follow-redirects/download/follow-redirects-1.14.7.tgz}
    engines: {node: '>=4.0'}
    peerDependencies:
      debug: '*'
    peerDependenciesMeta:
      debug:
        optional: true
    dev: false

  /forwarded/0.2.0:
    resolution: {integrity: sha1-ImmTZCiq1MFcfr6XeahL8LKoGBE=, tarball: forwarded/download/forwarded-0.2.0.tgz}
    engines: {node: '>= 0.6'}
    dev: false

  /fresh/0.5.2:
    resolution: {integrity: sha1-PYyt2Q2XZWn6g1qx+OSyOhBWBac=, tarball: fresh/download/fresh-0.5.2.tgz?cache=0&sync_timestamp=1633501772403&other_urls=https%3A%2F%2Fregistry.npmmirror.com%2Ffresh%2Fdownload%2Ffresh-0.5.2.tgz}
    engines: {node: '>= 0.6'}
    dev: false

  /get-stream/4.1.0:
    resolution: {integrity: sha1-wbJVV189wh1Zv8ec09K0axw6VLU=, tarball: get-stream/download/get-stream-4.1.0.tgz}
    engines: {node: '>=6'}
    dependencies:
      pump: 3.0.0
    dev: false

  /get-stream/5.2.0:
    resolution: {integrity: sha1-SWaheV7lrOZecGxLe+txJX1uItM=, tarball: get-stream/download/get-stream-5.2.0.tgz}
    engines: {node: '>=8'}
    dependencies:
      pump: 3.0.0
    dev: false

  /global-dirs/2.1.0:
    resolution: {integrity: sha1-6QRqScgG/wTWwYJeGWyPAJHo300=, tarball: global-dirs/download/global-dirs-2.1.0.tgz}
    engines: {node: '>=8'}
    dependencies:
      ini: 1.3.7
    dev: false

  /got/9.6.0:
    resolution: {integrity: sha1-7fRefWf5lUVwXeH3u+7rEhdl7YU=, tarball: got/download/got-9.6.0.tgz}
    engines: {node: '>=8.6'}
    dependencies:
      '@sindresorhus/is': 0.14.0
      '@szmarczak/http-timer': 1.1.2
      cacheable-request: 6.1.0
      decompress-response: 3.3.0
      duplexer3: 0.1.4
      get-stream: 4.1.0
      lowercase-keys: 1.0.1
      mimic-response: 1.0.1
      p-cancelable: 1.1.0
      to-readable-stream: 1.0.0
      url-parse-lax: 3.0.0
    dev: false

  /graceful-fs/4.2.9:
    resolution: {integrity: sha512-NtNxqUcXgpW2iMrfqSfR73Glt39K+BLwWsPs94yR63v45T0Wbej7eRmL5cWfwEgqXnmjQp3zaJTshdRW/qC2ZQ==, tarball: graceful-fs/download/graceful-fs-4.2.9.tgz}
    dev: false

  /has-flag/4.0.0:
    resolution: {integrity: sha1-lEdx/ZyByBJlxNaUGGDaBrtZR5s=, tarball: has-flag/download/has-flag-4.0.0.tgz}
    engines: {node: '>=8'}
    dev: false

  /has-yarn/2.1.0:
    resolution: {integrity: sha1-E34RNUp7W/EapctknPDG8/8rLnc=, tarball: has-yarn/download/has-yarn-2.1.0.tgz}
    engines: {node: '>=8'}
    dev: false

  /http-cache-semantics/4.1.0:
    resolution: {integrity: sha1-SekcXL82yblLz81xwj1SSex045A=, tarball: http-cache-semantics/download/http-cache-semantics-4.1.0.tgz}
    dev: false

  /http-errors/1.8.1:
    resolution: {integrity: sha512-Kpk9Sm7NmI+RHhnj6OIWDI1d6fIoFAtFt9RLaTMRlg/8w49juAStsrBgp0Dp4OdxdVbRIeKhtCUvoi/RuAhO4g==, tarball: http-errors/download/http-errors-1.8.1.tgz}
    engines: {node: '>= 0.6'}
    dependencies:
      depd: 1.1.2
      inherits: 2.0.4
      setprototypeof: 1.2.0
      statuses: 1.5.0
      toidentifier: 1.0.1
    dev: false

  /iconv-lite/0.4.24:
    resolution: {integrity: sha1-ICK0sl+93CHS9SSXSkdKr+czkIs=, tarball: iconv-lite/download/iconv-lite-0.4.24.tgz}
    engines: {node: '>=0.10.0'}
    dependencies:
      safer-buffer: 2.1.2
    dev: false

  /ieee754/1.2.1:
    resolution: {integrity: sha1-jrehCmP/8l0VpXsAFYbRd9Gw01I=, tarball: ieee754/download/ieee754-1.2.1.tgz}
    dev: false

  /import-lazy/2.1.0:
    resolution: {integrity: sha1-BWmOPUXIjo1+nZLLBYTnfwlvPkM=, tarball: import-lazy/download/import-lazy-2.1.0.tgz}
    engines: {node: '>=4'}
    dev: false

  /imurmurhash/0.1.4:
    resolution: {integrity: sha1-khi5srkoojixPcT7a21XbyMUU+o=, tarball: imurmurhash/download/imurmurhash-0.1.4.tgz}
    engines: {node: '>=0.8.19'}
    dev: false

  /inherits/2.0.4:
    resolution: {integrity: sha1-D6LGT5MpF8NDOg3tVTY6rjdBa3w=, tarball: inherits/download/inherits-2.0.4.tgz}
    dev: false

  /ini/1.3.7:
    resolution: {integrity: sha1-oJNj4ZEZcuoW16iFEAXYTPCamoQ=, tarball: ini/download/ini-1.3.7.tgz}
    dev: false

  /ini/1.3.8:
    resolution: {integrity: sha1-op2kJbSIBvNHZ6Tvzjlyaa8oQyw=, tarball: ini/download/ini-1.3.8.tgz}
    dev: false

  /ip/1.1.5:
    resolution: {integrity: sha1-vd7XARQpCCjAoDnnLvJfWq7ENUo=, tarball: ip/download/ip-1.1.5.tgz}
    dev: false

  /ipaddr.js/1.9.1:
    resolution: {integrity: sha1-v/OFQ+64mEglB5/zoqjmy9RngbM=, tarball: ipaddr.js/download/ipaddr.js-1.9.1.tgz}
    engines: {node: '>= 0.10'}
    dev: false

  /is-ci/2.0.0:
    resolution: {integrity: sha1-a8YzQYGBDgS1wis9WJ/cpVAmQEw=, tarball: is-ci/download/is-ci-2.0.0.tgz}
    hasBin: true
    dependencies:
      ci-info: 2.0.0
    dev: false

  /is-docker/2.2.1:
    resolution: {integrity: sha512-F+i2BKsFrH66iaUFc0woD8sLy8getkwTwtOBjvs56Cx4CgJDeKQeqfz8wAYiSb8JOprWhHH5p77PbmYCvvUuXQ==}
    engines: {node: '>=8'}
    hasBin: true
    dev: false

  /is-fullwidth-code-point/3.0.0:
    resolution: {integrity: sha1-8Rb4Bk/pCz94RKOJl8C3UFEmnx0=, tarball: is-fullwidth-code-point/download/is-fullwidth-code-point-3.0.0.tgz}
    engines: {node: '>=8'}
    dev: false

  /is-installed-globally/0.3.2:
    resolution: {integrity: sha1-/T76ee5nDRGHIzGC1bCh3QAxMUE=, tarball: is-installed-globally/download/is-installed-globally-0.3.2.tgz}
    engines: {node: '>=8'}
    dependencies:
      global-dirs: 2.1.0
      is-path-inside: 3.0.3
    dev: false

  /is-npm/4.0.0:
    resolution: {integrity: sha1-yQ3YOAaW34enptgjwg0LErvjyE0=, tarball: is-npm/download/is-npm-4.0.0.tgz}
    engines: {node: '>=8'}
    dev: false

  /is-obj/2.0.0:
    resolution: {integrity: sha1-Rz+wXZc3BeP9liBUUBjKjiLvSYI=, tarball: is-obj/download/is-obj-2.0.0.tgz}
    engines: {node: '>=8'}
    dev: false

  /is-path-inside/3.0.3:
    resolution: {integrity: sha1-0jE2LlOgf/Kw4Op/7QSRYf/RYoM=, tarball: is-path-inside/download/is-path-inside-3.0.3.tgz}
    engines: {node: '>=8'}
    dev: false

  /is-typedarray/1.0.0:
    resolution: {integrity: sha1-5HnICFjfDBsR3dppQPlgEfzaSpo=, tarball: is-typedarray/download/is-typedarray-1.0.0.tgz}
    dev: false

  /is-wsl/2.2.0:
    resolution: {integrity: sha512-fKzAra0rGJUUBwGBgNkHZuToZcn+TtXHpeCgmkMJMMYx1sQDYaCSyjJBSCa2nH1DGm7s3n1oBnohoVTBaN7Lww==}
    engines: {node: '>=8'}
    dependencies:
      is-docker: 2.2.1
    dev: false

  /is-yarn-global/0.3.0:
    resolution: {integrity: sha1-1QLTOCWQ6jAEiTdGdUyJE5lz4jI=, tarball: is-yarn-global/download/is-yarn-global-0.3.0.tgz}
    dev: false

  /isarray/0.0.1:
    resolution: {integrity: sha512-D2S+3GLxWH+uhrNEcoh/fnmYeP8E8/zHl644d/jdA0g2uyXvy3sb0qxotE+ne0LtccHknQzWwZEzhak7oJ0COQ==, tarball: isarray/download/isarray-0.0.1.tgz}
    dev: false

  /isarray/1.0.0:
    resolution: {integrity: sha512-VLghIWNM6ELQzo7zwmcg0NmTVyWKYjvIeM83yjp0wRDTmUnrM678fQbcKBo6n2CJEF0szoG//ytg+TKla89ALQ==, tarball: isarray/download/isarray-1.0.0.tgz}
    dev: false

  /json-buffer/3.0.0:
    resolution: {integrity: sha1-Wx85evx11ne96Lz8Dkfh+aPZqJg=, tarball: json-buffer/download/json-buffer-3.0.0.tgz}
    dev: false

  /keyv/3.1.0:
    resolution: {integrity: sha1-7MIoSG9pmR5J6UdkhaW+Ho/FxNk=, tarball: keyv/download/keyv-3.1.0.tgz}
    dependencies:
      json-buffer: 3.0.0
    dev: false

  /latest-version/5.1.0:
    resolution: {integrity: sha1-EZ3+kI/jjRXfpD7NE/oS7Igy+s4=, tarball: latest-version/download/latest-version-5.1.0.tgz}
    engines: {node: '>=8'}
    dependencies:
      package-json: 6.5.0
    dev: false

  /lowercase-keys/1.0.1:
    resolution: {integrity: sha1-b54wtHCE2XGnyCD/FabFFnt0wm8=, tarball: lowercase-keys/download/lowercase-keys-1.0.1.tgz}
    engines: {node: '>=0.10.0'}
    dev: false

  /lowercase-keys/2.0.0:
    resolution: {integrity: sha1-JgPni3tLAAbLyi+8yKMgJVislHk=, tarball: lowercase-keys/download/lowercase-keys-2.0.0.tgz}
    engines: {node: '>=8'}
    dev: false

  /make-dir/3.1.0:
    resolution: {integrity: sha1-QV6WcEazp/HRhSd9hKpYIDcmoT8=, tarball: make-dir/download/make-dir-3.1.0.tgz}
    engines: {node: '>=8'}
    dependencies:
      semver: 6.3.0
    dev: false

  /make-error/1.3.6:
    resolution: {integrity: sha1-LrLjfqm2fEiR9oShOUeZr0hM96I=, tarball: make-error/download/make-error-1.3.6.tgz}
    dev: false

  /media-typer/0.3.0:
    resolution: {integrity: sha1-hxDXrwqmJvj/+hzgAWhUUmMlV0g=, tarball: media-typer/download/media-typer-0.3.0.tgz}
    engines: {node: '>= 0.6'}
    dev: false

  /memory-pager/1.5.0:
    resolution: {integrity: sha1-2HUWVdItOEaCdByXLyw9bfo+ZrU=, tarball: memory-pager/download/memory-pager-1.5.0.tgz}
    dev: false
    optional: true

  /merge-descriptors/1.0.1:
    resolution: {integrity: sha1-sAqqVW3YtEVoFQ7J0blT8/kMu2E=, tarball: merge-descriptors/download/merge-descriptors-1.0.1.tgz}
    dev: false

  /methods/1.1.2:
    resolution: {integrity: sha1-VSmk1nZUE07cxSZmVoNbD4Ua/O4=, tarball: methods/download/methods-1.1.2.tgz}
    engines: {node: '>= 0.6'}
    dev: false

  /mime-db/1.51.0:
    resolution: {integrity: sha512-5y8A56jg7XVQx2mbv1lu49NR4dokRnhZYTtL+KGfaa27uq4pSTXkwQkFJl4pkRMyNFz/EtYDSkiiEHx3F7UN6g==, tarball: mime-db/download/mime-db-1.51.0.tgz}
    engines: {node: '>= 0.6'}
    dev: false

  /mime-types/2.1.34:
    resolution: {integrity: sha512-6cP692WwGIs9XXdOO4++N+7qjqv0rqxxVvJ3VHPh/Sc9mVZcQP+ZGhkKiTvWMQRr2tbHkJP/Yn7Y0npb3ZBs4A==, tarball: mime-types/download/mime-types-2.1.34.tgz?cache=0&sync_timestamp=1636436454904&other_urls=https%3A%2F%2Fregistry.npmmirror.com%2Fmime-types%2Fdownload%2Fmime-types-2.1.34.tgz}
    engines: {node: '>= 0.6'}
    dependencies:
      mime-db: 1.51.0
    dev: false

  /mime/1.6.0:
    resolution: {integrity: sha1-Ms2eXGRVO9WNGaVor0Uqz/BJgbE=, tarball: mime/download/mime-1.6.0.tgz}
    engines: {node: '>=4'}
    hasBin: true
    dev: false

  /mimic-response/1.0.1:
    resolution: {integrity: sha1-SSNTiHju9CBjy4o+OweYeBSHqxs=, tarball: mimic-response/download/mimic-response-1.0.1.tgz}
    engines: {node: '>=4'}
    dev: false

  /minimist/1.2.5:
    resolution: {integrity: sha1-Z9ZgFLZqaoqqDAg8X9WN9OTpdgI=, tarball: minimist/download/minimist-1.2.5.tgz}
    dev: false

  /mkdirp/0.5.5:
    resolution: {integrity: sha1-2Rzv1i0UNsoPQWIOJRKI1CAJne8=, tarball: mkdirp/download/mkdirp-0.5.5.tgz?cache=0&sync_timestamp=1636336678481&other_urls=https%3A%2F%2Fregistry.npmmirror.com%2Fmkdirp%2Fdownload%2Fmkdirp-0.5.5.tgz}
    hasBin: true
    dependencies:
      minimist: 1.2.5
    dev: false

  /mongodb-connection-string-url/2.4.1:
    resolution: {integrity: sha512-d5Kd2bVsKcSA7YI/yo57fSTtMwRQdFkvc5IZwod1RRxJtECeWPPSo7zqcUGJELifRA//Igs4spVtYAmvFCatug==, tarball: mongodb-connection-string-url/download/mongodb-connection-string-url-2.4.1.tgz}
    dependencies:
      '@types/whatwg-url': 8.2.1
      whatwg-url: 11.0.0
    dev: false

  /mongodb/4.3.1:
    resolution: {integrity: sha512-sNa8APSIk+r4x31ZwctKjuPSaeKuvUeNb/fu/3B6dRM02HpEgig7hTHM8A/PJQTlxuC/KFWlDlQjhsk/S43tBg==, tarball: mongodb/download/mongodb-4.3.1.tgz}
    engines: {node: '>=12.9.0'}
    dependencies:
      bson: 4.6.1
      denque: 2.0.1
      mongodb-connection-string-url: 2.4.1
      socks: 2.6.1
    optionalDependencies:
      saslprep: 1.0.3
    dev: false

  /ms/2.0.0:
    resolution: {integrity: sha1-VgiurfwAvmwpAd9fmGF4jeDVl8g=, tarball: ms/download/ms-2.0.0.tgz?cache=0&sync_timestamp=1632822734970&other_urls=https%3A%2F%2Fregistry.npmmirror.com%2Fms%2Fdownload%2Fms-2.0.0.tgz}
    dev: false

  /ms/2.1.3:
    resolution: {integrity: sha1-V0yBOM4dK1hh8LRFedut1gxmFbI=, tarball: ms/download/ms-2.1.3.tgz?cache=0&sync_timestamp=1632822734970&other_urls=https%3A%2F%2Fregistry.npmmirror.com%2Fms%2Fdownload%2Fms-2.1.3.tgz}
    dev: false

  /multer/1.4.4:
    resolution: {integrity: sha512-2wY2+xD4udX612aMqMcB8Ws2Voq6NIUPEtD1be6m411T4uDH/VtL9i//xvcyFlTVfRdaBsk7hV5tgrGQqhuBiw==, tarball: multer/download/multer-1.4.4.tgz}
    engines: {node: '>= 0.10.0'}
    dependencies:
      append-field: 1.0.0
      busboy: 0.2.14
      concat-stream: 1.6.2
      mkdirp: 0.5.5
      object-assign: 4.1.1
      on-finished: 2.3.0
      type-is: 1.6.18
      xtend: 4.0.2
    dev: false

  /negotiator/0.6.2:
    resolution: {integrity: sha1-/qz3zPUlp3rpY0Q2pkiD/+yjRvs=, tarball: negotiator/download/negotiator-0.6.2.tgz}
    engines: {node: '>= 0.6'}
    dev: false

  /normalize-url/4.5.1:
    resolution: {integrity: sha1-DdkM8SiO4dExO4cIHJpZMu5IUYo=, tarball: normalize-url/download/normalize-url-4.5.1.tgz}
    engines: {node: '>=8'}
    dev: false

  /object-assign/4.1.1:
    resolution: {integrity: sha1-IQmtx5ZYh8/AXLvUQsrIv7s2CGM=, tarball: object-assign/download/object-assign-4.1.1.tgz?cache=0&sync_timestamp=1632822742534&other_urls=https%3A%2F%2Fregistry.npmmirror.com%2Fobject-assign%2Fdownload%2Fobject-assign-4.1.1.tgz}
    engines: {node: '>=0.10.0'}
    dev: false

  /on-finished/2.3.0:
    resolution: {integrity: sha1-IPEzZIGwg811M3mSoWlxqi2QaUc=, tarball: on-finished/download/on-finished-2.3.0.tgz}
    engines: {node: '>= 0.8'}
    dependencies:
      ee-first: 1.1.1
    dev: false

  /once/1.4.0:
    resolution: {integrity: sha1-WDsap3WWHUsROsF9nFC6753Xa9E=, tarball: once/download/once-1.4.0.tgz}
    dependencies:
      wrappy: 1.0.2
    dev: false

  /open/8.4.0:
    resolution: {integrity: sha512-XgFPPM+B28FtCCgSb9I+s9szOC1vZRSwgWsRUA5ylIxRTgKozqjOCrVOqGsYABPYK5qnfqClxZTFBa8PKt2v6Q==}
    engines: {node: '>=12'}
    dependencies:
      define-lazy-prop: 2.0.0
      is-docker: 2.2.1
      is-wsl: 2.2.0
    dev: false

  /p-cancelable/1.1.0:
    resolution: {integrity: sha1-0HjRWjr0CSIMiG8dmgyi5EGrJsw=, tarball: p-cancelable/download/p-cancelable-1.1.0.tgz}
    engines: {node: '>=6'}
    dev: false

  /package-json/6.5.0:
    resolution: {integrity: sha1-b+7ayjXnVyWHbQsOZJdGl/7RRbA=, tarball: package-json/download/package-json-6.5.0.tgz}
    engines: {node: '>=8'}
    dependencies:
      got: 9.6.0
      registry-auth-token: 4.2.1
      registry-url: 5.1.0
      semver: 6.3.0
    dev: false

  /parseurl/1.3.3:
    resolution: {integrity: sha1-naGee+6NEt/wUT7Vt2lXeTvC6NQ=, tarball: parseurl/download/parseurl-1.3.3.tgz}
    engines: {node: '>= 0.8'}
    dev: false

  /path-to-regexp/0.1.7:
    resolution: {integrity: sha512-5DFkuoqlv1uYQKxy8omFBeJPQcdoE07Kv2sferDCrAq1ohOU+MSDswDIbnx3YAM60qIOnYa53wBhXW0EbMonrQ==, tarball: path-to-regexp/download/path-to-regexp-0.1.7.tgz}
    dev: false

  /prepend-http/2.0.0:
    resolution: {integrity: sha1-6SQ0v6XqjBn0HN/UAddBo8gZ2Jc=, tarball: prepend-http/download/prepend-http-2.0.0.tgz}
    engines: {node: '>=4'}
    dev: false

  /process-nextick-args/2.0.1:
    resolution: {integrity: sha1-eCDZsWEgzFXKmud5JoCufbptf+I=, tarball: process-nextick-args/download/process-nextick-args-2.0.1.tgz}
    dev: false

  /proxy-addr/2.0.7:
    resolution: {integrity: sha1-8Z/mnOqzEe65S0LnDowgcPm6ECU=, tarball: proxy-addr/download/proxy-addr-2.0.7.tgz}
    engines: {node: '>= 0.10'}
    dependencies:
      forwarded: 0.2.0
      ipaddr.js: 1.9.1
    dev: false

  /pump/3.0.0:
    resolution: {integrity: sha1-tKIRaBW94vTh6mAjVOjHVWUQemQ=, tarball: pump/download/pump-3.0.0.tgz}
    dependencies:
      end-of-stream: 1.4.4
      once: 1.4.0
    dev: false

  /punycode/2.1.1:
    resolution: {integrity: sha1-tYsBCsQMIsVldhbI0sLALHv0eew=, tarball: punycode/download/punycode-2.1.1.tgz}
    engines: {node: '>=6'}
    dev: false

  /pupa/2.1.1:
    resolution: {integrity: sha1-9ej9SvwsXZeCj6pSNUnth0SiDWI=, tarball: pupa/download/pupa-2.1.1.tgz}
    engines: {node: '>=8'}
    dependencies:
      escape-goat: 2.1.1
    dev: false

  /qs/6.9.6:
    resolution: {integrity: sha512-TIRk4aqYLNoJUbd+g2lEdz5kLWIuTMRagAXxl78Q0RiVjAOugHmeKNGdd3cwo/ktpf9aL9epCfFqWDEKysUlLQ==, tarball: qs/download/qs-6.9.6.tgz}
    engines: {node: '>=0.6'}
    dev: false

  /range-parser/1.2.1:
    resolution: {integrity: sha1-PPNwI9GZ4cJNGlW4SADC8+ZGgDE=, tarball: range-parser/download/range-parser-1.2.1.tgz}
    engines: {node: '>= 0.6'}
    dev: false

  /raw-body/2.4.2:
    resolution: {integrity: sha512-RPMAFUJP19WIet/99ngh6Iv8fzAbqum4Li7AD6DtGaW2RpMB/11xDoalPiJMTbu6I3hkbMVkATvZrqb9EEqeeQ==, tarball: raw-body/download/raw-body-2.4.2.tgz}
    engines: {node: '>= 0.8'}
    dependencies:
      bytes: 3.1.1
      http-errors: 1.8.1
      iconv-lite: 0.4.24
      unpipe: 1.0.0
    dev: false

  /rc/1.2.8:
    resolution: {integrity: sha1-zZJL9SAKB1uDwYjNa54hG3/A0+0=, tarball: rc/download/rc-1.2.8.tgz}
    hasBin: true
    dependencies:
      deep-extend: 0.6.0
      ini: 1.3.8
      minimist: 1.2.5
      strip-json-comments: 2.0.1
    dev: false

  /readable-stream/1.1.14:
    resolution: {integrity: sha1-fPTFTvZI44EwhMY23SB54WbAgdk=, tarball: readable-stream/download/readable-stream-1.1.14.tgz}
    dependencies:
      core-util-is: 1.0.3
      inherits: 2.0.4
      isarray: 0.0.1
      string_decoder: 0.10.31
    dev: false

  /readable-stream/2.3.7:
    resolution: {integrity: sha1-Hsoc9xGu+BTAT2IlKjamL2yyO1c=, tarball: readable-stream/download/readable-stream-2.3.7.tgz}
    dependencies:
      core-util-is: 1.0.3
      inherits: 2.0.4
      isarray: 1.0.0
      process-nextick-args: 2.0.1
      safe-buffer: 5.1.2
      string_decoder: 1.1.1
      util-deprecate: 1.0.2
    dev: false

  /registry-auth-token/4.2.1:
    resolution: {integrity: sha1-bXtABkQZGJcszV/tzUHcMix5slA=, tarball: registry-auth-token/download/registry-auth-token-4.2.1.tgz}
    engines: {node: '>=6.0.0'}
    dependencies:
      rc: 1.2.8
    dev: false

  /registry-url/5.1.0:
    resolution: {integrity: sha1-6YM0tQ1UNLgRNrROxjjZwgCcUAk=, tarball: registry-url/download/registry-url-5.1.0.tgz}
    engines: {node: '>=8'}
    dependencies:
      rc: 1.2.8
    dev: false

  /responselike/1.0.2:
    resolution: {integrity: sha1-kYcg7ztjHFZCvgaPFa3lpG9Loec=, tarball: responselike/download/responselike-1.0.2.tgz}
    dependencies:
      lowercase-keys: 1.0.1
    dev: false

  /safe-buffer/5.1.2:
    resolution: {integrity: sha1-mR7GnSluAxN0fVm9/St0XDX4go0=, tarball: safe-buffer/download/safe-buffer-5.1.2.tgz}
    dev: false

  /safe-buffer/5.2.1:
    resolution: {integrity: sha1-Hq+fqb2x/dTsdfWPnNtOa3gn7sY=, tarball: safe-buffer/download/safe-buffer-5.2.1.tgz}
    dev: false

  /safer-buffer/2.1.2:
    resolution: {integrity: sha1-RPoWGwGHuVSd2Eu5GAL5vYOFzWo=, tarball: safer-buffer/download/safer-buffer-2.1.2.tgz}
    dev: false

  /saslprep/1.0.3:
    resolution: {integrity: sha512-/MY/PEMbk2SuY5sScONwhUDsV2p77Znkb/q3nSVstq/yQzYJOH/Azh29p9oJLsl3LnQwSvZDKagDGBsBwSooag==}
    engines: {node: '>=6'}
    requiresBuild: true
    dependencies:
      sparse-bitfield: 3.0.3
    dev: false
    optional: true

  /semver-diff/3.1.1:
    resolution: {integrity: sha1-Bfd85Z8yXgDicGr9Z7tQbdscoys=, tarball: semver-diff/download/semver-diff-3.1.1.tgz}
    engines: {node: '>=8'}
    dependencies:
      semver: 6.3.0
    dev: false

  /semver/6.3.0:
    resolution: {integrity: sha1-7gpkyK9ejO6mdoexM3YeG+y9HT0=, tarball: semver/download/semver-6.3.0.tgz}
    hasBin: true
    dev: false

  /send/0.17.2:
    resolution: {integrity: sha512-UJYB6wFSJE3G00nEivR5rgWp8c2xXvJ3OPWPhmuteU0IKj8nKbG3DrjiOmLwpnHGYWAVwA69zmTm++YG0Hmwww==, tarball: send/download/send-0.17.2.tgz}
    engines: {node: '>= 0.8.0'}
    dependencies:
      debug: 2.6.9
      depd: 1.1.2
      destroy: 1.0.4
      encodeurl: 1.0.2
      escape-html: 1.0.3
      etag: 1.8.1
      fresh: 0.5.2
      http-errors: 1.8.1
      mime: 1.6.0
      ms: 2.1.3
      on-finished: 2.3.0
      range-parser: 1.2.1
      statuses: 1.5.0
    dev: false

  /serve-static/1.14.2:
    resolution: {integrity: sha512-+TMNA9AFxUEGuC0z2mevogSnn9MXKb4fa7ngeRMJaaGv8vTwnIEkKi+QGvPt33HSnf8pRS+WGM0EbMtCJLKMBQ==, tarball: serve-static/download/serve-static-1.14.2.tgz}
    engines: {node: '>= 0.8.0'}
    dependencies:
      encodeurl: 1.0.2
      escape-html: 1.0.3
      parseurl: 1.3.3
      send: 0.17.2
    dev: false

  /setprototypeof/1.2.0:
    resolution: {integrity: sha1-ZsmiSnP5/CjL5msJ/tPTPcrxtCQ=, tarball: setprototypeof/download/setprototypeof-1.2.0.tgz}
    dev: false

  /signal-exit/3.0.6:
    resolution: {integrity: sha512-sDl4qMFpijcGw22U5w63KmD3cZJfBuFlVNbVMKje2keoKML7X2UzWbc4XrmEbDwg0NXJc3yv4/ox7b+JWb57kQ==, tarball: signal-exit/download/signal-exit-3.0.6.tgz?cache=0&sync_timestamp=1637292968320&other_urls=https%3A%2F%2Fregistry.npmmirror.com%2Fsignal-exit%2Fdownload%2Fsignal-exit-3.0.6.tgz}
    dev: false

  /smart-buffer/4.2.0:
    resolution: {integrity: sha1-bh1x+k8YwF99D/IW3RakgdDo2a4=, tarball: smart-buffer/download/smart-buffer-4.2.0.tgz}
    engines: {node: '>= 6.0.0', npm: '>= 3.0.0'}
    dev: false

  /socks/2.6.1:
    resolution: {integrity: sha1-mJ5lNKB88zfesbHJSqpEKWUg0w4=, tarball: socks/download/socks-2.6.1.tgz}
    engines: {node: '>= 10.13.0', npm: '>= 3.0.0'}
    dependencies:
      ip: 1.1.5
      smart-buffer: 4.2.0
    dev: false

  /source-map-support/0.5.21:
    resolution: {integrity: sha512-uBHU3L3czsIyYXKX88fdrGovxdSCoTGDRZ6SYXtSRxLZUzHg5P/66Ht6uoUlHu9EZod+inXhKo3qQgwXUT/y1w==, tarball: source-map-support/download/source-map-support-0.5.21.tgz}
    dependencies:
      buffer-from: 1.1.2
      source-map: 0.6.1
    dev: false

  /source-map/0.6.1:
    resolution: {integrity: sha1-dHIq8y6WFOnCh6jQu95IteLxomM=, tarball: source-map/download/source-map-0.6.1.tgz?cache=0&sync_timestamp=1632822727980&other_urls=https%3A%2F%2Fregistry.npmmirror.com%2Fsource-map%2Fdownload%2Fsource-map-0.6.1.tgz}
    engines: {node: '>=0.10.0'}
    dev: false

  /sparse-bitfield/3.0.3:
    resolution: {integrity: sha1-/0rm5oZWBWuks+eSqzM004JzyhE=, tarball: sparse-bitfield/download/sparse-bitfield-3.0.3.tgz}
    dependencies:
      memory-pager: 1.5.0
    dev: false
    optional: true

  /statuses/1.5.0:
    resolution: {integrity: sha1-Fhx9rBd2Wf2YEfQ3cfqZOBR4Yow=, tarball: statuses/download/statuses-1.5.0.tgz}
    engines: {node: '>= 0.6'}
    dev: false

  /streamsearch/0.1.2:
    resolution: {integrity: sha1-gIudDlb8Jz2Am6VzOOkpkZoanxo=, tarball: streamsearch/download/streamsearch-0.1.2.tgz}
    engines: {node: '>=0.8.0'}
    dev: false

  /string-width/4.2.3:
    resolution: {integrity: sha1-JpxxF9J7Ba0uU2gwqOyJXvnG0BA=, tarball: string-width/download/string-width-4.2.3.tgz}
    engines: {node: '>=8'}
    dependencies:
      emoji-regex: 8.0.0
      is-fullwidth-code-point: 3.0.0
      strip-ansi: 6.0.1
    dev: false

  /string_decoder/0.10.31:
    resolution: {integrity: sha1-YuIDvEF2bGwoyfyEMB2rHFMQ+pQ=, tarball: string_decoder/download/string_decoder-0.10.31.tgz}
    dev: false

  /string_decoder/1.1.1:
    resolution: {integrity: sha1-nPFhG6YmhdcDCunkujQUnDrwP8g=, tarball: string_decoder/download/string_decoder-1.1.1.tgz}
    dependencies:
      safe-buffer: 5.1.2
    dev: false

  /strip-ansi/6.0.1:
    resolution: {integrity: sha1-nibGPTD1NEPpSJSVshBdN7Z6hdk=, tarball: strip-ansi/download/strip-ansi-6.0.1.tgz?cache=0&sync_timestamp=1632822728166&other_urls=https%3A%2F%2Fregistry.npmmirror.com%2Fstrip-ansi%2Fdownload%2Fstrip-ansi-6.0.1.tgz}
    engines: {node: '>=8'}
    dependencies:
      ansi-regex: 5.0.1
    dev: false

  /strip-json-comments/2.0.1:
    resolution: {integrity: sha1-PFMZQukIwml8DsNEhYwobHygpgo=, tarball: strip-json-comments/download/strip-json-comments-2.0.1.tgz}
    engines: {node: '>=0.10.0'}
    dev: false

  /supports-color/7.2.0:
    resolution: {integrity: sha1-G33NyzK4E4gBs+R4umpRyqiWSNo=, tarball: supports-color/download/supports-color-7.2.0.tgz}
    engines: {node: '>=8'}
    dependencies:
      has-flag: 4.0.0
    dev: false

  /term-size/2.2.1:
    resolution: {integrity: sha1-KmpUhAQywvtjIP6g9BVTHpAYn1Q=, tarball: term-size/download/term-size-2.2.1.tgz}
    engines: {node: '>=8'}
    dev: false

  /to-readable-stream/1.0.0:
    resolution: {integrity: sha1-zgqgwvPfat+FLvtASng+d8BHV3E=, tarball: to-readable-stream/download/to-readable-stream-1.0.0.tgz}
    engines: {node: '>=6'}
    dev: false

  /toidentifier/1.0.1:
    resolution: {integrity: sha512-o5sSPKEkg/DIQNmH43V0/uerLrpzVedkUh8tGNvaeXpfpuwjKenlSox/2O/BTlZUtEe+JG7s5YhEz608PlAHRA==, tarball: toidentifier/download/toidentifier-1.0.1.tgz}
    engines: {node: '>=0.6'}
    dev: false

  /tr46/3.0.0:
    resolution: {integrity: sha1-VVxOKXqVBhfo7t3vYzyH1NnWy/k=, tarball: tr46/download/tr46-3.0.0.tgz}
    engines: {node: '>=12'}
    dependencies:
      punycode: 2.1.1
    dev: false

  /ts-node/8.9.1_typescript@4.3.4:
    resolution: {integrity: sha512-yrq6ODsxEFTLz0R3BX2myf0WBCSQh9A+py8PBo1dCzWIOcvisbyH6akNKqDHMgXePF2kir5mm5JXJTH3OUJYOQ==, tarball: ts-node/download/ts-node-8.9.1.tgz}
    engines: {node: '>=6.0.0'}
    hasBin: true
    peerDependencies:
      typescript: '>=2.7'
    dependencies:
      arg: 4.1.3
      diff: 4.0.2
      make-error: 1.3.6
      source-map-support: 0.5.21
      typescript: 4.3.4
      yn: 3.1.1
    dev: false

  /type-fest/0.8.1:
    resolution: {integrity: sha1-CeJJ696FHTseSNJ8EFREZn8XuD0=, tarball: type-fest/download/type-fest-0.8.1.tgz}
    engines: {node: '>=8'}
    dev: false

  /type-is/1.6.18:
    resolution: {integrity: sha1-TlUs0F3wlGfcvE73Od6J8s83wTE=, tarball: type-is/download/type-is-1.6.18.tgz}
    engines: {node: '>= 0.6'}
    dependencies:
      media-typer: 0.3.0
      mime-types: 2.1.34
    dev: false

  /typedarray-to-buffer/3.1.5:
    resolution: {integrity: sha1-qX7nqf9CaRufeD/xvFES/j/KkIA=, tarball: typedarray-to-buffer/download/typedarray-to-buffer-3.1.5.tgz}
    dependencies:
      is-typedarray: 1.0.0
    dev: false

  /typedarray/0.0.6:
    resolution: {integrity: sha1-hnrHTjhkGHsdPUfZlqeOxciDB3c=, tarball: typedarray/download/typedarray-0.0.6.tgz}
    dev: false

  /typescript/4.3.4:
    resolution: {integrity: sha512-uauPG7XZn9F/mo+7MrsRjyvbxFpzemRjKEZXS4AK83oP2KKOJPvb+9cO/gmnv8arWZvhnjVOXz7B49m1l0e9Ew==, tarball: typescript/download/typescript-4.3.4.tgz}
    engines: {node: '>=4.2.0'}
    hasBin: true
    dev: false

  /unique-string/2.0.0:
    resolution: {integrity: sha1-OcZFH4GvsnSd4rIz4/fF6IQ72J0=, tarball: unique-string/download/unique-string-2.0.0.tgz}
    engines: {node: '>=8'}
    dependencies:
      crypto-random-string: 2.0.0
    dev: false

  /unpipe/1.0.0:
    resolution: {integrity: sha1-sr9O6FFKrmFltIF4KdIbLvSZBOw=, tarball: unpipe/download/unpipe-1.0.0.tgz}
    engines: {node: '>= 0.8'}
    dev: false

  /update-notifier/4.1.0:
    resolution: {integrity: sha1-SGa5jDvFtUc8AgsSUFg2KPmjKPM=, tarball: update-notifier/download/update-notifier-4.1.0.tgz}
    engines: {node: '>=8'}
    dependencies:
      boxen: 4.2.0
      chalk: 3.0.0
      configstore: 5.0.1
      has-yarn: 2.1.0
      import-lazy: 2.1.0
      is-ci: 2.0.0
      is-installed-globally: 0.3.2
      is-npm: 4.0.0
      is-yarn-global: 0.3.0
      latest-version: 5.1.0
      pupa: 2.1.1
      semver-diff: 3.1.1
      xdg-basedir: 4.0.0
    dev: false

  /url-parse-lax/3.0.0:
    resolution: {integrity: sha1-FrXK/Afb42dsGxmZF3gj1lA6yww=, tarball: url-parse-lax/download/url-parse-lax-3.0.0.tgz}
    engines: {node: '>=4'}
    dependencies:
      prepend-http: 2.0.0
    dev: false

  /util-deprecate/1.0.2:
    resolution: {integrity: sha1-RQ1Nyfpw3nMnYvvS1KKJgUGaDM8=, tarball: util-deprecate/download/util-deprecate-1.0.2.tgz}
    dev: false

  /utils-merge/1.0.1:
    resolution: {integrity: sha1-n5VxD1CiZ5R7LMwSR0HBAoQn5xM=, tarball: utils-merge/download/utils-merge-1.0.1.tgz}
    engines: {node: '>= 0.4.0'}
    dev: false

  /vary/1.1.2:
    resolution: {integrity: sha1-IpnwLG3tMNSllhsLn3RSShj2NPw=, tarball: vary/download/vary-1.1.2.tgz}
    engines: {node: '>= 0.8'}
    dev: false

  /vercel/23.1.2:
    resolution: {integrity: sha1-fzZ3KXDHxW8Q3omYPwOzwMctKU4=, tarball: vercel/download/vercel-23.1.2.tgz}
    engines: {node: '>= 12'}
    hasBin: true
    requiresBuild: true
    dependencies:
      '@vercel/build-utils': 2.12.2
      '@vercel/go': 1.2.3
      '@vercel/node': 1.12.1
      '@vercel/python': 2.0.5
      '@vercel/ruby': 1.2.7
      update-notifier: 4.1.0
    dev: false

  /webidl-conversions/7.0.0:
    resolution: {integrity: sha1-JWtOGIK+feu/AdBfCqIDl3jqCAo=, tarball: webidl-conversions/download/webidl-conversions-7.0.0.tgz}
    engines: {node: '>=12'}
    dev: false

  /whatwg-url/11.0.0:
    resolution: {integrity: sha1-CoSe67X68hGbkBu3b9eVwoSNQBg=, tarball: whatwg-url/download/whatwg-url-11.0.0.tgz}
    engines: {node: '>=12'}
    dependencies:
      tr46: 3.0.0
      webidl-conversions: 7.0.0
    dev: false

  /widest-line/3.1.0:
    resolution: {integrity: sha1-gpIzO79my0X/DeFgOxNreuFJbso=, tarball: widest-line/download/widest-line-3.1.0.tgz}
    engines: {node: '>=8'}
    dependencies:
      string-width: 4.2.3
    dev: false

  /wrappy/1.0.2:
    resolution: {integrity: sha1-tSQ9jz7BqjXxNkYFvA0QNuMKtp8=, tarball: wrappy/download/wrappy-1.0.2.tgz}
    dev: false

  /write-file-atomic/3.0.3:
    resolution: {integrity: sha1-Vr1cWlxwSBzRnFcb05q5ZaXeVug=, tarball: write-file-atomic/download/write-file-atomic-3.0.3.tgz}
    dependencies:
      imurmurhash: 0.1.4
      is-typedarray: 1.0.0
      signal-exit: 3.0.6
      typedarray-to-buffer: 3.1.5
    dev: false

  /xdg-basedir/4.0.0:
    resolution: {integrity: sha1-S8jZmEQDaWIl74OhVzy7y0552xM=, tarball: xdg-basedir/download/xdg-basedir-4.0.0.tgz}
    engines: {node: '>=8'}
    dev: false

  /xtend/4.0.2:
    resolution: {integrity: sha1-u3J3n1+kZRhrH0OPZ0+jR/2121Q=, tarball: xtend/download/xtend-4.0.2.tgz}
    engines: {node: '>=0.4'}
    dev: false

  /yn/3.1.1:
    resolution: {integrity: sha1-HodAGgnXZ8HV6rJqbkwYUYLS61A=, tarball: yn/download/yn-3.1.1.tgz}
    engines: {node: '>=6'}
    dev: false
